# THIS IS AN AUTOGENERATED FILE. DO NOT EDIT THIS FILE DIRECTLY.
# yarn lockfile v1


"@aztec/bb.js@3.0.0-nightly.20260102":
  version "3.0.0-nightly.20260102"
  resolved "https://registry.yarnpkg.com/@aztec/bb.js/-/bb.js-3.0.0-nightly.20260102.tgz#0313c7f4964092f0ab9a17fc347e38dbce25aa9d"
  integrity sha512-2SkTJw5sNyXU301OVOHOuqhd5JA3D+HE4cvKxj/hDG7rBiOi851e6swL29l2Y/UpcW2eNZMmmmk/NZgiDfDAgg==
  dependencies:
    comlink "^4.4.1"
    commander "^12.1.0"
    idb-keyval "^6.2.1"
    msgpackr "^1.11.2"
    pako "^2.1.0"
    tslib "^2.4.0"

"@esbuild/aix-ppc64@0.25.2":
  version "0.25.2"
  resolved "https://registry.yarnpkg.com/@esbuild/aix-ppc64/-/aix-ppc64-0.25.2.tgz#b87036f644f572efb2b3c75746c97d1d2d87ace8"
  integrity sha512-wCIboOL2yXZym2cgm6mlA742s9QeJ8DjGVaL39dLN4rRwrOgOyYSnOaFPhKZGLb2ngj4EyfAFjsNJwPXZvseag==

"@esbuild/android-arm64@0.25.2":
  version "0.25.2"
  resolved "https://registry.yarnpkg.com/@esbuild/android-arm64/-/android-arm64-0.25.2.tgz#5ca7dc20a18f18960ad8d5e6ef5cf7b0a256e196"
  integrity sha512-5ZAX5xOmTligeBaeNEPnPaeEuah53Id2tX4c2CVP3JaROTH+j4fnfHCkr1PjXMd78hMst+TlkfKcW/DlTq0i4w==

"@esbuild/android-arm@0.25.2":
  version "0.25.2"
  resolved "https://registry.yarnpkg.com/@esbuild/android-arm/-/android-arm-0.25.2.tgz#3c49f607b7082cde70c6ce0c011c362c57a194ee"
  integrity sha512-NQhH7jFstVY5x8CKbcfa166GoV0EFkaPkCKBQkdPJFvo5u+nGXLEH/ooniLb3QI8Fk58YAx7nsPLozUWfCBOJA==

"@esbuild/android-x64@0.25.2":
  version "0.25.2"
  resolved "https://registry.yarnpkg.com/@esbuild/android-x64/-/android-x64-0.25.2.tgz#8a00147780016aff59e04f1036e7cb1b683859e2"
  integrity sha512-Ffcx+nnma8Sge4jzddPHCZVRvIfQ0kMsUsCMcJRHkGJ1cDmhe4SsrYIjLUKn1xpHZybmOqCWwB0zQvsjdEHtkg==

"@esbuild/darwin-arm64@0.25.2":
  version "0.25.2"
  resolved "https://registry.yarnpkg.com/@esbuild/darwin-arm64/-/darwin-arm64-0.25.2.tgz#486efe7599a8d90a27780f2bb0318d9a85c6c423"
  integrity sha512-MpM6LUVTXAzOvN4KbjzU/q5smzryuoNjlriAIx+06RpecwCkL9JpenNzpKd2YMzLJFOdPqBpuub6eVRP5IgiSA==

"@esbuild/darwin-x64@0.25.2":
  version "0.25.2"
  resolved "https://registry.yarnpkg.com/@esbuild/darwin-x64/-/darwin-x64-0.25.2.tgz#95ee222aacf668c7a4f3d7ee87b3240a51baf374"
  integrity sha512-5eRPrTX7wFyuWe8FqEFPG2cU0+butQQVNcT4sVipqjLYQjjh8a8+vUTfgBKM88ObB85ahsnTwF7PSIt6PG+QkA==

"@esbuild/freebsd-arm64@0.25.2":
  version "0.25.2"
  resolved "https://registry.yarnpkg.com/@esbuild/freebsd-arm64/-/freebsd-arm64-0.25.2.tgz#67efceda8554b6fc6a43476feba068fb37fa2ef6"
  integrity sha512-mLwm4vXKiQ2UTSX4+ImyiPdiHjiZhIaE9QvC7sw0tZ6HoNMjYAqQpGyui5VRIi5sGd+uWq940gdCbY3VLvsO1w==

"@esbuild/freebsd-x64@0.25.2":
  version "0.25.2"
  resolved "https://registry.yarnpkg.com/@esbuild/freebsd-x64/-/freebsd-x64-0.25.2.tgz#88a9d7ecdd3adadbfe5227c2122d24816959b809"
  integrity sha512-6qyyn6TjayJSwGpm8J9QYYGQcRgc90nmfdUb0O7pp1s4lTY+9D0H9O02v5JqGApUyiHOtkz6+1hZNvNtEhbwRQ==

"@esbuild/linux-arm64@0.25.2":
  version "0.25.2"
  resolved "https://registry.yarnpkg.com/@esbuild/linux-arm64/-/linux-arm64-0.25.2.tgz#87be1099b2bbe61282333b084737d46bc8308058"
  integrity sha512-gq/sjLsOyMT19I8obBISvhoYiZIAaGF8JpeXu1u8yPv8BE5HlWYobmlsfijFIZ9hIVGYkbdFhEqC0NvM4kNO0g==

"@esbuild/linux-arm@0.25.2":
  version "0.25.2"
  resolved "https://registry.yarnpkg.com/@esbuild/linux-arm/-/linux-arm-0.25.2.tgz#72a285b0fe64496e191fcad222185d7bf9f816f6"
  integrity sha512-UHBRgJcmjJv5oeQF8EpTRZs/1knq6loLxTsjc3nxO9eXAPDLcWW55flrMVc97qFPbmZP31ta1AZVUKQzKTzb0g==

"@esbuild/linux-ia32@0.25.2":
  version "0.25.2"
  resolved "https://registry.yarnpkg.com/@esbuild/linux-ia32/-/linux-ia32-0.25.2.tgz#337a87a4c4dd48a832baed5cbb022be20809d737"
  integrity sha512-bBYCv9obgW2cBP+2ZWfjYTU+f5cxRoGGQ5SeDbYdFCAZpYWrfjjfYwvUpP8MlKbP0nwZ5gyOU/0aUzZ5HWPuvQ==

"@esbuild/linux-loong64@0.25.2":
  version "0.25.2"
  resolved "https://registry.yarnpkg.com/@esbuild/linux-loong64/-/linux-loong64-0.25.2.tgz#1b81aa77103d6b8a8cfa7c094ed3d25c7579ba2a"
  integrity sha512-SHNGiKtvnU2dBlM5D8CXRFdd+6etgZ9dXfaPCeJtz+37PIUlixvlIhI23L5khKXs3DIzAn9V8v+qb1TRKrgT5w==

"@esbuild/linux-mips64el@0.25.2":
  version "0.25.2"
  resolved "https://registry.yarnpkg.com/@esbuild/linux-mips64el/-/linux-mips64el-0.25.2.tgz#afbe380b6992e7459bf7c2c3b9556633b2e47f30"
  integrity sha512-hDDRlzE6rPeoj+5fsADqdUZl1OzqDYow4TB4Y/3PlKBD0ph1e6uPHzIQcv2Z65u2K0kpeByIyAjCmjn1hJgG0Q==

"@esbuild/linux-ppc64@0.25.2":
  version "0.25.2"
  resolved "https://registry.yarnpkg.com/@esbuild/linux-ppc64/-/linux-ppc64-0.25.2.tgz#6bf8695cab8a2b135cca1aa555226dc932d52067"
  integrity sha512-tsHu2RRSWzipmUi9UBDEzc0nLc4HtpZEI5Ba+Omms5456x5WaNuiG3u7xh5AO6sipnJ9r4cRWQB2tUjPyIkc6g==

"@esbuild/linux-riscv64@0.25.2":
  version "0.25.2"
  resolved "https://registry.yarnpkg.com/@esbuild/linux-riscv64/-/linux-riscv64-0.25.2.tgz#43c2d67a1a39199fb06ba978aebb44992d7becc3"
  integrity sha512-k4LtpgV7NJQOml/10uPU0s4SAXGnowi5qBSjaLWMojNCUICNu7TshqHLAEbkBdAszL5TabfvQ48kK84hyFzjnw==

"@esbuild/linux-s390x@0.25.2":
  version "0.25.2"
  resolved "https://registry.yarnpkg.com/@esbuild/linux-s390x/-/linux-s390x-0.25.2.tgz#419e25737ec815c6dce2cd20d026e347cbb7a602"
  integrity sha512-GRa4IshOdvKY7M/rDpRR3gkiTNp34M0eLTaC1a08gNrh4u488aPhuZOCpkF6+2wl3zAN7L7XIpOFBhnaE3/Q8Q==

"@esbuild/linux-x64@0.25.2":
  version "0.25.2"
  resolved "https://registry.yarnpkg.com/@esbuild/linux-x64/-/linux-x64-0.25.2.tgz#22451f6edbba84abe754a8cbd8528ff6e28d9bcb"
  integrity sha512-QInHERlqpTTZ4FRB0fROQWXcYRD64lAoiegezDunLpalZMjcUcld3YzZmVJ2H/Cp0wJRZ8Xtjtj0cEHhYc/uUg==

"@esbuild/netbsd-arm64@0.25.2":
  version "0.25.2"
  resolved "https://registry.yarnpkg.com/@esbuild/netbsd-arm64/-/netbsd-arm64-0.25.2.tgz#744affd3b8d8236b08c5210d828b0698a62c58ac"
  integrity sha512-talAIBoY5M8vHc6EeI2WW9d/CkiO9MQJ0IOWX8hrLhxGbro/vBXJvaQXefW2cP0z0nQVTdQ/eNyGFV1GSKrxfw==

"@esbuild/netbsd-x64@0.25.2":
  version "0.25.2"
  resolved "https://registry.yarnpkg.com/@esbuild/netbsd-x64/-/netbsd-x64-0.25.2.tgz#dbbe7521fd6d7352f34328d676af923fc0f8a78f"
  integrity sha512-voZT9Z+tpOxrvfKFyfDYPc4DO4rk06qamv1a/fkuzHpiVBMOhpjK+vBmWM8J1eiB3OLSMFYNaOaBNLXGChf5tg==

"@esbuild/openbsd-arm64@0.25.2":
  version "0.25.2"
  resolved "https://registry.yarnpkg.com/@esbuild/openbsd-arm64/-/openbsd-arm64-0.25.2.tgz#f9caf987e3e0570500832b487ce3039ca648ce9f"
  integrity sha512-dcXYOC6NXOqcykeDlwId9kB6OkPUxOEqU+rkrYVqJbK2hagWOMrsTGsMr8+rW02M+d5Op5NNlgMmjzecaRf7Tg==

"@esbuild/openbsd-x64@0.25.2":
  version "0.25.2"
  resolved "https://registry.yarnpkg.com/@esbuild/openbsd-x64/-/openbsd-x64-0.25.2.tgz#d2bb6a0f8ffea7b394bb43dfccbb07cabd89f768"
  integrity sha512-t/TkWwahkH0Tsgoq1Ju7QfgGhArkGLkF1uYz8nQS/PPFlXbP5YgRpqQR3ARRiC2iXoLTWFxc6DJMSK10dVXluw==

"@esbuild/sunos-x64@0.25.2":
  version "0.25.2"
  resolved "https://registry.yarnpkg.com/@esbuild/sunos-x64/-/sunos-x64-0.25.2.tgz#49b437ed63fe333b92137b7a0c65a65852031afb"
  integrity sha512-cfZH1co2+imVdWCjd+D1gf9NjkchVhhdpgb1q5y6Hcv9TP6Zi9ZG/beI3ig8TvwT9lH9dlxLq5MQBBgwuj4xvA==

"@esbuild/win32-arm64@0.25.2":
  version "0.25.2"
  resolved "https://registry.yarnpkg.com/@esbuild/win32-arm64/-/win32-arm64-0.25.2.tgz#081424168463c7d6c7fb78f631aede0c104373cf"
  integrity sha512-7Loyjh+D/Nx/sOTzV8vfbB3GJuHdOQyrOryFdZvPHLf42Tk9ivBU5Aedi7iyX+x6rbn2Mh68T4qq1SDqJBQO5Q==

"@esbuild/win32-ia32@0.25.2":
  version "0.25.2"
  resolved "https://registry.yarnpkg.com/@esbuild/win32-ia32/-/win32-ia32-0.25.2.tgz#3f9e87143ddd003133d21384944a6c6cadf9693f"
  integrity sha512-WRJgsz9un0nqZJ4MfhabxaD9Ft8KioqU3JMinOTvobbX6MOSUigSBlogP8QB3uxpJDsFS6yN+3FDBdqE5lg9kg==

"@esbuild/win32-x64@0.25.2":
  version "0.25.2"
  resolved "https://registry.yarnpkg.com/@esbuild/win32-x64/-/win32-x64-0.25.2.tgz#839f72c2decd378f86b8f525e1979a97b920c67d"
  integrity sha512-kM3HKb16VIXZyIeVrM1ygYmZBKybX8N4p754bw390wGO3Tf2j4L2/WYL+4suWujpgf6GBYs3jv7TyUivdd05JA==

"@msgpackr-extract/msgpackr-extract-darwin-arm64@3.0.3":
  version "3.0.3"
  resolved "https://registry.yarnpkg.com/@msgpackr-extract/msgpackr-extract-darwin-arm64/-/msgpackr-extract-darwin-arm64-3.0.3.tgz#9edec61b22c3082018a79f6d1c30289ddf3d9d11"
  integrity sha512-QZHtlVgbAdy2zAqNA9Gu1UpIuI8Xvsd1v8ic6B2pZmeFnFcMWiPLfWXh7TVw4eGEZ/C9TH281KwhVoeQUKbyjw==

"@msgpackr-extract/msgpackr-extract-darwin-x64@3.0.3":
  version "3.0.3"
  resolved "https://registry.yarnpkg.com/@msgpackr-extract/msgpackr-extract-darwin-x64/-/msgpackr-extract-darwin-x64-3.0.3.tgz#33677a275204898ad8acbf62734fc4dc0b6a4855"
  integrity sha512-mdzd3AVzYKuUmiWOQ8GNhl64/IoFGol569zNRdkLReh6LRLHOXxU4U8eq0JwaD8iFHdVGqSy4IjFL4reoWCDFw==

"@msgpackr-extract/msgpackr-extract-linux-arm64@3.0.3":
  version "3.0.3"
  resolved "https://registry.yarnpkg.com/@msgpackr-extract/msgpackr-extract-linux-arm64/-/msgpackr-extract-linux-arm64-3.0.3.tgz#19edf7cdc2e7063ee328403c1d895a86dd28f4bb"
  integrity sha512-YxQL+ax0XqBJDZiKimS2XQaf+2wDGVa1enVRGzEvLLVFeqa5kx2bWbtcSXgsxjQB7nRqqIGFIcLteF/sHeVtQg==

"@msgpackr-extract/msgpackr-extract-linux-arm@3.0.3":
  version "3.0.3"
  resolved "https://registry.yarnpkg.com/@msgpackr-extract/msgpackr-extract-linux-arm/-/msgpackr-extract-linux-arm-3.0.3.tgz#94fb0543ba2e28766c3fc439cabbe0440ae70159"
  integrity sha512-fg0uy/dG/nZEXfYilKoRe7yALaNmHoYeIoJuJ7KJ+YyU2bvY8vPv27f7UKhGRpY6euFYqEVhxCFZgAUNQBM3nw==

"@msgpackr-extract/msgpackr-extract-linux-x64@3.0.3":
  version "3.0.3"
  resolved "https://registry.yarnpkg.com/@msgpackr-extract/msgpackr-extract-linux-x64/-/msgpackr-extract-linux-x64-3.0.3.tgz#4a0609ab5fe44d07c9c60a11e4484d3c38bbd6e3"
  integrity sha512-cvwNfbP07pKUfq1uH+S6KJ7dT9K8WOE4ZiAcsrSes+UY55E/0jLYc+vq+DO7jlmqRb5zAggExKm0H7O/CBaesg==

"@msgpackr-extract/msgpackr-extract-win32-x64@3.0.3":
  version "3.0.3"
  resolved "https://registry.yarnpkg.com/@msgpackr-extract/msgpackr-extract-win32-x64/-/msgpackr-extract-win32-x64-3.0.3.tgz#0aa5502d547b57abfc4ac492de68e2006e417242"
  integrity sha512-x0fWaQtYp4E6sktbsdAqnehxDgEc/VwM7uLsRCYWaiGu0ykYdZPiS8zCWdnjHwyiumousxfBm4SO31eXqwEZhQ==

"@noir-lang/acvm_js@1.0.0-beta.18":
  version "1.0.0-beta.18"
  resolved "https://registry.yarnpkg.com/@noir-lang/acvm_js/-/acvm_js-1.0.0-beta.18.tgz#631791b41d78a3b373ced1056fed925d1c0ff2fc"
  integrity sha512-QQXAaowxSzGKk+Ua7ofc2jcpvUTYSxmDuF5SzwwOFMue9+ccp9QcqOkjyyIZWjtapcenV7YCXrzcBjvEt7N8Nw==

"@noir-lang/noir_js@1.0.0-beta.18":
  version "1.0.0-beta.18"
  resolved "https://registry.yarnpkg.com/@noir-lang/noir_js/-/noir_js-1.0.0-beta.18.tgz#62a7b90a3fa4ab91db04efe1e90d251a2a787e62"
  integrity sha512-J0VSw13U9SQpejh1sWNEjuKxjl/uJblOmWJMdlpYqCetth9oBAnKv8+IMk0bZlkrjDp22Yf8vMDkf+Qb8KBZ2Q==
  dependencies:
    "@noir-lang/acvm_js" "1.0.0-beta.18"
    "@noir-lang/noirc_abi" "1.0.0-beta.18"
    "@noir-lang/types" "1.0.0-beta.18"
    pako "^2.1.0"

"@noir-lang/noirc_abi@1.0.0-beta.18":
  version "1.0.0-beta.18"
  resolved "https://registry.yarnpkg.com/@noir-lang/noirc_abi/-/noirc_abi-1.0.0-beta.18.tgz#b2a63fd13f91a3d9c00e5b12f7dad04e3856ba55"
  integrity sha512-ZLobgQwGbxBpR4iMQpCpYQS4EaM25Fl31rVkrcteQIwcz5kAknH1Yc5FJYICCxzO1HEFj6coAzF3FXO/Ic4p4Q==
  dependencies:
    "@noir-lang/types" "1.0.0-beta.18"

"@noir-lang/types@1.0.0-beta.18":
  version "1.0.0-beta.18"
  resolved "https://registry.yarnpkg.com/@noir-lang/types/-/types-1.0.0-beta.18.tgz#be128589dfbab2394505bf6e49a08855799b97b2"
  integrity sha512-/1nsk8qFd27P6bW4W5ayUjMQpN6PustwTJEqZPNP//DZ6TrolnWxT/Y+7v9d2/a4OZal61sx177VjQY3U2GZvw==

"@types/node@^22.10.1":
  version "22.14.0"
  resolved "https://registry.yarnpkg.com/@types/node/-/node-22.14.0.tgz#d3bfa3936fef0dbacd79ea3eb17d521c628bb47e"
  integrity sha512-Kmpl+z84ILoG+3T/zQFyAJsU6EPTmOCj8/2+83fSN6djd6I4o7uOuGIH6vq3PrjY5BGitSbFuMN18j3iknubbA==
  dependencies:
    undici-types "~6.21.0"

comlink@^4.4.1:
  version "4.4.2"
  resolved "https://registry.yarnpkg.com/comlink/-/comlink-4.4.2.tgz#cbbcd82742fbebc06489c28a183eedc5c60a2bca"
  integrity sha512-OxGdvBmJuNKSCMO4NTl1L47VRp6xn2wG4F/2hYzB6tiCb709otOxtEYCSvK80PtjODfXXZu8ds+Nw5kVCjqd2g==

commander@^12.1.0:
  version "12.1.0"
  resolved "https://registry.yarnpkg.com/commander/-/commander-12.1.0.tgz#01423b36f501259fdaac4d0e4d60c96c991585d3"
  integrity sha512-Vw8qHK3bZM9y/P10u3Vib8o/DdkvA2OtPtZvD871QKjy74Wj1WSKFILMPRPSdUSx5RFK1arlJzEtA4PkFgnbuA==

detect-libc@^2.0.1:
  version "2.1.2"
  resolved "https://registry.yarnpkg.com/detect-libc/-/detect-libc-2.1.2.tgz#689c5dcdc1900ef5583a4cb9f6d7b473742074ad"
  integrity sha512-Btj2BOOO83o3WyH59e8MgXsxEQVcarkUOpEYrubB0urwnN10yQ364rsiByU11nZlqWYZm05i/of7io4mzihBtQ==

esbuild@~0.25.0:
  version "0.25.2"
  resolved "https://registry.yarnpkg.com/esbuild/-/esbuild-0.25.2.tgz#55a1d9ebcb3aa2f95e8bba9e900c1a5061bc168b"
  integrity sha512-16854zccKPnC+toMywC+uKNeYSv+/eXkevRAfwRD/G9Cleq66m8XFIrigkbvauLLlCfDL45Q2cWegSg53gGBnQ==
  optionalDependencies:
    "@esbuild/aix-ppc64" "0.25.2"
    "@esbuild/android-arm" "0.25.2"
    "@esbuild/android-arm64" "0.25.2"
    "@esbuild/android-x64" "0.25.2"
    "@esbuild/darwin-arm64" "0.25.2"
    "@esbuild/darwin-x64" "0.25.2"
    "@esbuild/freebsd-arm64" "0.25.2"
    "@esbuild/freebsd-x64" "0.25.2"
    "@esbuild/linux-arm" "0.25.2"
    "@esbuild/linux-arm64" "0.25.2"
    "@esbuild/linux-ia32" "0.25.2"
    "@esbuild/linux-loong64" "0.25.2"
    "@esbuild/linux-mips64el" "0.25.2"
    "@esbuild/linux-ppc64" "0.25.2"
    "@esbuild/linux-riscv64" "0.25.2"
    "@esbuild/linux-s390x" "0.25.2"
    "@esbuild/linux-x64" "0.25.2"
    "@esbuild/netbsd-arm64" "0.25.2"
    "@esbuild/netbsd-x64" "0.25.2"
    "@esbuild/openbsd-arm64" "0.25.2"
    "@esbuild/openbsd-x64" "0.25.2"
    "@esbuild/sunos-x64" "0.25.2"
    "@esbuild/win32-arm64" "0.25.2"
    "@esbuild/win32-ia32" "0.25.2"
    "@esbuild/win32-x64" "0.25.2"

fsevents@~2.3.3:
  version "2.3.3"
  resolved "https://registry.yarnpkg.com/fsevents/-/fsevents-2.3.3.tgz#cac6407785d03675a2a5e1a5305c697b347d90d6"
  integrity sha512-5xoDfX+fL7faATnagmWPpbFtwh/R77WmMMqqHGS65C3vvB0YHrgF+B1YmZ3441tMj5n63k0212XNoJwzlhffQw==

get-tsconfig@^4.7.5:
  version "4.10.0"
  resolved "https://registry.yarnpkg.com/get-tsconfig/-/get-tsconfig-4.10.0.tgz#403a682b373a823612475a4c2928c7326fc0f6bb"
  integrity sha512-kGzZ3LWWQcGIAmg6iWvXn0ei6WDtV26wzHRMwDSzmAbcXrTEXxHy6IehI6/4eT6VRKyMP1eF1VqwrVUmE/LR7A==
  dependencies:
    resolve-pkg-maps "^1.0.0"

idb-keyval@^6.2.1:
  version "6.2.2"
  resolved "https://registry.yarnpkg.com/idb-keyval/-/idb-keyval-6.2.2.tgz#b0171b5f73944854a3291a5cdba8e12768c4854a"
  integrity sha512-yjD9nARJ/jb1g+CvD0tlhUHOrJ9Sy0P8T9MF3YaLlHnSRpwPfpTX0XIvpmw3gAJUmEu3FiICLBDPXVwyEvrleg==

msgpackr-extract@^3.0.2:
  version "3.0.3"
  resolved "https://registry.yarnpkg.com/msgpackr-extract/-/msgpackr-extract-3.0.3.tgz#e9d87023de39ce714872f9e9504e3c1996d61012"
  integrity sha512-P0efT1C9jIdVRefqjzOQ9Xml57zpOXnIuS+csaB4MdZbTdmGDLo8XhzBG1N7aO11gKDDkJvBLULeFTo46wwreA==
  dependencies:
    node-gyp-build-optional-packages "5.2.2"
  optionalDependencies:
    "@msgpackr-extract/msgpackr-extract-darwin-arm64" "3.0.3"
    "@msgpackr-extract/msgpackr-extract-darwin-x64" "3.0.3"
    "@msgpackr-extract/msgpackr-extract-linux-arm" "3.0.3"
    "@msgpackr-extract/msgpackr-extract-linux-arm64" "3.0.3"
    "@msgpackr-extract/msgpackr-extract-linux-x64" "3.0.3"
    "@msgpackr-extract/msgpackr-extract-win32-x64" "3.0.3"

msgpackr@^1.11.2:
  version "1.11.5"
  resolved "https://registry.yarnpkg.com/msgpackr/-/msgpackr-1.11.5.tgz#edf0b9d9cb7d8ed6897dd0e42cfb865a2f4b602e"
  integrity sha512-UjkUHN0yqp9RWKy0Lplhh+wlpdt9oQBYgULZOiFhV3VclSF1JnSQWZ5r9gORQlNYaUKQoR8itv7g7z1xDDuACA==
  optionalDependencies:
    msgpackr-extract "^3.0.2"

node-gyp-build-optional-packages@5.2.2:
  version "5.2.2"
  resolved "https://registry.yarnpkg.com/node-gyp-build-optional-packages/-/node-gyp-build-optional-packages-5.2.2.tgz#522f50c2d53134d7f3a76cd7255de4ab6c96a3a4"
  integrity sha512-s+w+rBWnpTMwSFbaE0UXsRlg7hU4FjekKU4eyAih5T8nJuNZT1nNsskXpxmeqSK9UzkBl6UgRlnKc8hz8IEqOw==
  dependencies:
    detect-libc "^2.0.1"

pako@^2.1.0:
  version "2.1.0"
  resolved "https://registry.yarnpkg.com/pako/-/pako-2.1.0.tgz#266cc37f98c7d883545d11335c00fbd4062c9a86"
  integrity sha512-w+eufiZ1WuJYgPXbV/PO3NCMEc3xqylkKHzp8bxp1uW4qaSNQUkwmLLEc3kKsfz8lpV1F8Ht3U1Cm+9Srog2ug==

resolve-pkg-maps@^1.0.0:
  version "1.0.0"
  resolved "https://registry.yarnpkg.com/resolve-pkg-maps/-/resolve-pkg-maps-1.0.0.tgz#616b3dc2c57056b5588c31cdf4b3d64db133720f"
  integrity sha512-seS2Tj26TBVOC2NIc2rOe2y2ZO7efxITtLZcGSOnHHNOQ7CkiUBfw0Iw2ck6xkIhPwLhKNLS8BO+hEpngQlqzw==

tslib@^2.4.0:
  version "2.8.1"
  resolved "https://registry.yarnpkg.com/tslib/-/tslib-2.8.1.tgz#612efe4ed235d567e8aba5f2a5fab70280ade83f"
  integrity sha512-oJFu94HQb+KVduSUQL7wnpmqnfmLsOA/nAh6b6EH0wCEoK0/mPeXU6c3wKDV83MkOuHPRHtSXKKU99IBazS/2w==

tsx@^4.19.3:
  version "4.19.3"
  resolved "https://registry.yarnpkg.com/tsx/-/tsx-4.19.3.tgz#2bdbcb87089374d933596f8645615142ed727666"
  integrity sha512-4H8vUNGNjQ4V2EOoGw005+c+dGuPSnhpPBPHBtsZdGZBk/iJb4kguGlPWaZTZ3q5nMtFOEsY0nRDlh9PJyd6SQ==
  dependencies:
    esbuild "~0.25.0"
    get-tsconfig "^4.7.5"
  optionalDependencies:
    fsevents "~2.3.3"

typescript@^5.7.2:
  version "5.8.3"
  resolved "https://registry.yarnpkg.com/typescript/-/typescript-5.8.3.tgz#92f8a3e5e3cf497356f4178c34cd65a7f5e8440e"
  integrity sha512-p1diW6TqL9L07nNxvRMM7hMMw4c5XOo/1ibL4aAIGmSAt9slTE1Xgw5KWuof2uTOvCg9BY7ZRi+GaF+7sfgPeQ==

undici-types@~6.21.0:
  version "6.21.0"
  resolved "https://registry.yarnpkg.com/undici-types/-/undici-types-6.21.0.tgz#691d00af3909be93a7faa13be61b3a5b50ef12cb"
  integrity sha512-iwDZqg0QAGrg9Rav5H4n0M64c3mkR59cJ6wQp+7C4nI0gsmExaedaYLNO44eT4AtBBwjbTiGPMlt2Md0T9H9JQ==
